
Microsoft Visual Studio Solution File, Format Version 12.00
# Visual Studio 14
VisualStudioVersion = 14.0.25420.1
MinimumVisualStudioVersion = 14.0.24720.0
Project("{FAE04EC0-301F-11D3-BF4B-00C04F79EFBC}") = "Pargos", "Pargos\Pargos.csproj", "{1C855381-3C8B-4C46-A9ED-37129D7B5131}"
EndProject
Project("{FAE04EC0-301F-11D3-BF4B-00C04F79EFBC}") = "Pargos.Tests", "Pargos.Tests\Pargos.Tests.csproj", "{F51067CF-27D9-48C4-A774-B46844A9B60A}"
EndProject
Global
	GlobalSection(SolutionConfigurationPlatforms) = preSolution
		Debug|Any CPU = Debug|Any CPU
		Release|Any CPU = Release|Any CPU
	EndGlobalSection
	GlobalSection(ProjectConfigurationPlatforms) = postSolution
		{1C855381-3C8B-4C46-A9ED-37129D7B5131}.Debug|Any CPU.ActiveCfg = Debug|Any CPU
		{1C855381-3C8B-4C46-A9ED-37129D7B5131}.Debug|Any CPU.Build.0 = Debug|Any CPU
		{1C855381-3C8B-4C46-A9ED-37129D7B5131}.Release|Any CPU.ActiveCfg = Release|Any CPU
		{1C855381-3C8B-4C46-A9ED-37129D7B5131}.Release|Any CPU.Build.0 = Release|Any CPU
		{F51067CF-27D9-48C4-A774-B46844A9B60A}.Debug|Any CPU.ActiveCfg = Debug|Any CPU
		{F51067CF-27D9-48C4-A774-B46844A9B60A}.Debug|Any CPU.Build.0 = Debug|Any CPU
		{F51067CF-27D9-48C4-A774-B46844A9B60A}.Release|Any CPU.ActiveCfg = Release|Any CPU
		{F51067CF-27D9-48C4-A774-B46844A9B60A}.Release|Any CPU.Build.0 = Release|Any CPU
	EndGlobalSection
	GlobalSection(SolutionProperties) = preSolution
		HideSolutionNode = FALSE
	EndGlobalSection
EndGlobal
